
Microsoft Visual Studio Solution File, Format Version 12.00
# Visual Studio Version 17
VisualStudioVersion = 17.8.34330.188
MinimumVisualStudioVersion = 10.0.40219.1
Project("{9A19103F-16F7-4668-BE54-9A1E7A4F7556}") = "PoF", "PoF.csproj", "{0D204636-9218-4F48-93EC-D46BFEDA6EE9}"
EndProject
Global
	GlobalSection(SolutionConfigurationPlatforms) = preSolution
		Debug|Any CPU = Debug|Any CPU
		Release|Any CPU = Release|Any CPU
	EndGlobalSection
	GlobalSection(ProjectConfigurationPlatforms) = postSolution
		{0D204636-9218-4F48-93EC-D46BFEDA6EE9}.Debug|Any CPU.ActiveCfg = Debug|Any CPU
		{0D204636-9218-4F48-93EC-D46BFEDA6EE9}.Debug|Any CPU.Build.0 = Debug|Any CPU
		{0D204636-9218-4F48-93EC-D46BFEDA6EE9}.Release|Any CPU.ActiveCfg = Release|Any CPU
		{0D204636-9218-4F48-93EC-D46BFEDA6EE9}.Release|Any CPU.Build.0 = Release|Any CPU
	EndGlobalSection
	GlobalSection(SolutionProperties) = preSolution
		HideSolutionNode = FALSE
	EndGlobalSection
	GlobalSection(ExtensibilityGlobals) = postSolution
		SolutionGuid = {83D1E564-7E86-4AFA-B922-A62B5B7BE805}
	EndGlobalSection
EndGlobal
